
Microsoft Visual Studio Solution File, Format Version 12.00
# Visual Studio Version 16
VisualStudioVersion = 16.0.28922.388
MinimumVisualStudioVersion = 10.0.40219.1
Project("{FAE04EC0-301F-11D3-BF4B-00C04F79EFBC}") = "ORB4", "ORB4\ORB4.csproj", "{E2911021-0BE6-47AC-AD3D-E02D0C96F816}"
EndProject
Global
	GlobalSection(SolutionConfigurationPlatforms) = preSolution
		Debug|Any CPU = Debug|Any CPU
		Debug|x86 = Debug|x86
		Release|Any CPU = Release|Any CPU
		Release|x86 = Release|x86
		Testing|Any CPU = Testing|Any CPU
		Testing|x86 = Testing|x86
	EndGlobalSection
	GlobalSection(ProjectConfigurationPlatforms) = postSolution
		{E2911021-0BE6-47AC-AD3D-E02D0C96F816}.Debug|Any CPU.ActiveCfg = Debug|x64
		{E2911021-0BE6-47AC-AD3D-E02D0C96F816}.Debug|Any CPU.Build.0 = Debug|x64
		{E2911021-0BE6-47AC-AD3D-E02D0C96F816}.Debug|x86.ActiveCfg = Debug|x86
		{E2911021-0BE6-47AC-AD3D-E02D0C96F816}.Debug|x86.Build.0 = Debug|x86
		{E2911021-0BE6-47AC-AD3D-E02D0C96F816}.Release|Any CPU.ActiveCfg = Release|Any CPU
		{E2911021-0BE6-47AC-AD3D-E02D0C96F816}.Release|Any CPU.Build.0 = Release|Any CPU
		{E2911021-0BE6-47AC-AD3D-E02D0C96F816}.Release|x86.ActiveCfg = Release|x86
		{E2911021-0BE6-47AC-AD3D-E02D0C96F816}.Release|x86.Build.0 = Release|x86
		{E2911021-0BE6-47AC-AD3D-E02D0C96F816}.Testing|Any CPU.ActiveCfg = Testing|x64
		{E2911021-0BE6-47AC-AD3D-E02D0C96F816}.Testing|Any CPU.Build.0 = Testing|Any CPU
		{E2911021-0BE6-47AC-AD3D-E02D0C96F816}.Testing|x86.ActiveCfg = Testing|x86
		{E2911021-0BE6-47AC-AD3D-E02D0C96F816}.Testing|x86.Build.0 = Testing|x86
	EndGlobalSection
	GlobalSection(SolutionProperties) = preSolution
		HideSolutionNode = FALSE
	EndGlobalSection
	GlobalSection(ExtensibilityGlobals) = postSolution
		SolutionGuid = {D38738A0-FA23-4D3D-9E15-9E6DBC550269}
	EndGlobalSection
EndGlobal
