
Microsoft Visual Studio Solution File, Format Version 12.00
# Visual Studio 15
VisualStudioVersion = 15.0.27130.2027
MinimumVisualStudioVersion = 10.0.40219.1
Project("{FAE04EC0-301F-11D3-BF4B-00C04F79EFBC}") = "ORB4", "ORB4\ORB4.csproj", "{E2911021-0BE6-47AC-AD3D-E02D0C96F816}"
EndProject
Project("{FAE04EC0-301F-11D3-BF4B-00C04F79EFBC}") = "ORB4.Updater", "ORB4.Updater\ORB4.Updater.csproj", "{1910C8D8-12B4-4C33-B7A7-76D9B45B548E}"
EndProject
Global
	GlobalSection(SolutionConfigurationPlatforms) = preSolution
		Debug|Any CPU = Debug|Any CPU
		Debug|x86 = Debug|x86
		Release|Any CPU = Release|Any CPU
		Release|x86 = Release|x86
	EndGlobalSection
	GlobalSection(ProjectConfigurationPlatforms) = postSolution
		{E2911021-0BE6-47AC-AD3D-E02D0C96F816}.Debug|Any CPU.ActiveCfg = Debug|x64
		{E2911021-0BE6-47AC-AD3D-E02D0C96F816}.Debug|Any CPU.Build.0 = Debug|x64
		{E2911021-0BE6-47AC-AD3D-E02D0C96F816}.Debug|x86.ActiveCfg = Debug|x86
		{E2911021-0BE6-47AC-AD3D-E02D0C96F816}.Debug|x86.Build.0 = Debug|x86
		{E2911021-0BE6-47AC-AD3D-E02D0C96F816}.Release|Any CPU.ActiveCfg = Release|Any CPU
		{E2911021-0BE6-47AC-AD3D-E02D0C96F816}.Release|Any CPU.Build.0 = Release|Any CPU
		{E2911021-0BE6-47AC-AD3D-E02D0C96F816}.Release|x86.ActiveCfg = Release|x86
		{E2911021-0BE6-47AC-AD3D-E02D0C96F816}.Release|x86.Build.0 = Release|x86
		{1910C8D8-12B4-4C33-B7A7-76D9B45B548E}.Debug|Any CPU.ActiveCfg = Debug|Any CPU
		{1910C8D8-12B4-4C33-B7A7-76D9B45B548E}.Debug|Any CPU.Build.0 = Debug|Any CPU
		{1910C8D8-12B4-4C33-B7A7-76D9B45B548E}.Debug|x86.ActiveCfg = Debug|Any CPU
		{1910C8D8-12B4-4C33-B7A7-76D9B45B548E}.Debug|x86.Build.0 = Debug|Any CPU
		{1910C8D8-12B4-4C33-B7A7-76D9B45B548E}.Release|Any CPU.ActiveCfg = Release|Any CPU
		{1910C8D8-12B4-4C33-B7A7-76D9B45B548E}.Release|Any CPU.Build.0 = Release|Any CPU
		{1910C8D8-12B4-4C33-B7A7-76D9B45B548E}.Release|x86.ActiveCfg = Release|Any CPU
		{1910C8D8-12B4-4C33-B7A7-76D9B45B548E}.Release|x86.Build.0 = Release|Any CPU
	EndGlobalSection
	GlobalSection(SolutionProperties) = preSolution
		HideSolutionNode = FALSE
	EndGlobalSection
	GlobalSection(ExtensibilityGlobals) = postSolution
		SolutionGuid = {D38738A0-FA23-4D3D-9E15-9E6DBC550269}
	EndGlobalSection
EndGlobal
